
Microsoft Visual Studio Solution File, Format Version 12.00
# Visual Studio Version 17
VisualStudioVersion = 17.1.32421.90
MinimumVisualStudioVersion = 10.0.40219.1
Project("{FAE04EC0-301F-11D3-BF4B-00C04F79EFBC}") = "LoginUniversidad", "LoginUniversidad\LoginUniversidad.csproj", "{75F62E2B-7076-41E7-A32A-343BB5020F8A}"
EndProject
Global
	GlobalSection(SolutionConfigurationPlatforms) = preSolution
		Debug|Any CPU = Debug|Any CPU
		Release|Any CPU = Release|Any CPU
	EndGlobalSection
	GlobalSection(ProjectConfigurationPlatforms) = postSolution
		{75F62E2B-7076-41E7-A32A-343BB5020F8A}.Debug|Any CPU.ActiveCfg = Debug|Any CPU
		{75F62E2B-7076-41E7-A32A-343BB5020F8A}.Debug|Any CPU.Build.0 = Debug|Any CPU
		{75F62E2B-7076-41E7-A32A-343BB5020F8A}.Release|Any CPU.ActiveCfg = Release|Any CPU
		{75F62E2B-7076-41E7-A32A-343BB5020F8A}.Release|Any CPU.Build.0 = Release|Any CPU
	EndGlobalSection
	GlobalSection(SolutionProperties) = preSolution
		HideSolutionNode = FALSE
	EndGlobalSection
	GlobalSection(ExtensibilityGlobals) = postSolution
		SolutionGuid = {021EC0F1-3D67-4F2D-91CD-9EB456B25480}
	EndGlobalSection
EndGlobal
